PODS:
  - OPGRuntime (0.1.1)

DEPENDENCIES:
  - OPGRuntime (from `https://github.com/OnePointGlobal/OPGRuntime.git`)

EXTERNAL SOURCES:
  OPGRuntime:
    :git: https://github.com/OnePointGlobal/OPGRuntime.git

CHECKOUT OPTIONS:
  OPGRuntime:
    :commit: 0202fba25dc4ae35a248d7b12c7ee9f404254deb
    :git: https://github.com/OnePointGlobal/OPGRuntime.git

SPEC CHECKSUMS:
  OPGRuntime: d21d483ff688a669aea3da7bf98c95aec5bf478b

PODFILE CHECKSUM: fa8cee8a9ffe7084c6ae7b909bf6a07e9ad8f2c4

COCOAPODS: 1.7.0
