PODS:
  - OPGRuntime (0.1.1)

DEPENDENCIES:
  - OPGRuntime (from `https://github.com/OnePointGlobal/OPGRuntime.git`)

EXTERNAL SOURCES:
  OPGRuntime:
    :git: https://github.com/OnePointGlobal/OPGRuntime.git

CHECKOUT OPTIONS:
  OPGRuntime:
    :commit: 410499b069e3b7d61c141c92aa037b6b6755c837
    :git: https://github.com/OnePointGlobal/OPGRuntime.git

SPEC CHECKSUMS:
  OPGRuntime: d21d483ff688a669aea3da7bf98c95aec5bf478b

PODFILE CHECKSUM: 81d86d41267efc36cd338baf5b3d57ec53f7ecbe

COCOAPODS: 1.7.0
